
Microsoft Visual Studio Solution File, Format Version 12.00
# Visual Studio Version 17
VisualStudioVersion = 17.13.35825.156 d17.13
MinimumVisualStudioVersion = 10.0.40219.1
Project("{8BC9CEB8-8B4A-11D0-8D11-00A0C91BC942}") = "Project93", "Project93.vcxproj", "{A259A649-6F4D-4474-B9D3-EA390EC2E57C}"
EndProject
Global
	GlobalSection(SolutionConfigurationPlatforms) = preSolution
		Debug|x64 = Debug|x64
		Debug|x86 = Debug|x86
		Release|x64 = Release|x64
		Release|x86 = Release|x86
	EndGlobalSection
	GlobalSection(ProjectConfigurationPlatforms) = postSolution
		{A259A649-6F4D-4474-B9D3-EA390EC2E57C}.Debug|x64.ActiveCfg = Debug|x64
		{A259A649-6F4D-4474-B9D3-EA390EC2E57C}.Debug|x64.Build.0 = Debug|x64
		{A259A649-6F4D-4474-B9D3-EA390EC2E57C}.Debug|x86.ActiveCfg = Debug|Win32
		{A259A649-6F4D-4474-B9D3-EA390EC2E57C}.Debug|x86.Build.0 = Debug|Win32
		{A259A649-6F4D-4474-B9D3-EA390EC2E57C}.Release|x64.ActiveCfg = Release|x64
		{A259A649-6F4D-4474-B9D3-EA390EC2E57C}.Release|x64.Build.0 = Release|x64
		{A259A649-6F4D-4474-B9D3-EA390EC2E57C}.Release|x86.ActiveCfg = Release|Win32
		{A259A649-6F4D-4474-B9D3-EA390EC2E57C}.Release|x86.Build.0 = Release|Win32
	EndGlobalSection
	GlobalSection(SolutionProperties) = preSolution
		HideSolutionNode = FALSE
	EndGlobalSection
	GlobalSection(ExtensibilityGlobals) = postSolution
		SolutionGuid = {74AA7C07-4DEC-421C-A5F4-F785F4732F6A}
	EndGlobalSection
EndGlobal
